// !$*UTF8*$!
{
	archiveVersion = 1;
	classes = {
	};
	objectVersion = 50;
	objects = {

/* Begin PBXBuildFile section */
		3234A3F824A8930400226B9B /* Constants.swift in Sources */ = {isa = PBXBuildFile; fileRef = 3234A3F724A8930400226B9B /* Constants.swift */; };
		3234A3FC24A89D9C00226B9B /* Model.swift in Sources */ = {isa = PBXBuildFile; fileRef = 3234A3FB24A89D9C00226B9B /* Model.swift */; };
		3234A3FE24A89DB300226B9B /* VideosModel.swift in Sources */ = {isa = PBXBuildFile; fileRef = 3234A3FD24A89DB300226B9B /* VideosModel.swift */; };
		32D340B524A754E10009EC8B /* AppDelegate.swift in Sources */ = {isa = PBXBuildFile; fileRef = 32D340B424A754E10009EC8B /* AppDelegate.swift */; };
		32D340B724A754E10009EC8B /* SceneDelegate.swift in Sources */ = {isa = PBXBuildFile; fileRef = 32D340B624A754E10009EC8B /* SceneDelegate.swift */; };
		32D340B924A754E10009EC8B /* ViewController.swift in Sources */ = {isa = PBXBuildFile; fileRef = 32D340B824A754E10009EC8B /* ViewController.swift */; };
		32D340BC24A754E10009EC8B /* Main.storyboard in Resources */ = {isa = PBXBuildFile; fileRef = 32D340BA24A754E10009EC8B /* Main.storyboard */; };
		32D340BE24A754E40009EC8B /* Assets.xcassets in Resources */ = {isa = PBXBuildFile; fileRef = 32D340BD24A754E40009EC8B /* Assets.xcassets */; };
		32D340C124A754E40009EC8B /* LaunchScreen.storyboard in Resources */ = {isa = PBXBuildFile; fileRef = 32D340BF24A754E40009EC8B /* LaunchScreen.storyboard */; };
		32ECA3AC24AA178400265CFA /* Response.swift in Sources */ = {isa = PBXBuildFile; fileRef = 32ECA3AB24AA178400265CFA /* Response.swift */; };
/* End PBXBuildFile section */

/* Begin PBXFileReference section */
		3234A3F724A8930400226B9B /* Constants.swift */ = {isa = PBXFileReference; lastKnownFileType = sourcecode.swift; path = Constants.swift; sourceTree = "<group>"; };
		3234A3FB24A89D9C00226B9B /* Model.swift */ = {isa = PBXFileReference; lastKnownFileType = sourcecode.swift; path = Model.swift; sourceTree = "<group>"; };
		3234A3FD24A89DB300226B9B /* VideosModel.swift */ = {isa = PBXFileReference; lastKnownFileType = sourcecode.swift; path = VideosModel.swift; sourceTree = "<group>"; };
		32D340B124A754E10009EC8B /* youtub-onedaybuild.app */ = {isa = PBXFileReference; explicitFileType = wrapper.application; includeInIndex = 0; path = "youtub-onedaybuild.app"; sourceTree = BUILT_PRODUCTS_DIR; };
		32D340B424A754E10009EC8B /* AppDelegate.swift */ = {isa = PBXFileReference; lastKnownFileType = sourcecode.swift; path = AppDelegate.swift; sourceTree = "<group>"; };
		32D340B624A754E10009EC8B /* SceneDelegate.swift */ = {isa = PBXFileReference; lastKnownFileType = sourcecode.swift; path = SceneDelegate.swift; sourceTree = "<group>"; };
		32D340B824A754E10009EC8B /* ViewController.swift */ = {isa = PBXFileReference; lastKnownFileType = sourcecode.swift; path = ViewController.swift; sourceTree = "<group>"; };
		32D340BB24A754E10009EC8B /* Base */ = {isa = PBXFileReference; lastKnownFileType = file.storyboard; name = Base; path = Base.lproj/Main.storyboard; sourceTree = "<group>"; };
		32D340BD24A754E40009EC8B /* Assets.xcassets */ = {isa = PBXFileReference; lastKnownFileType = folder.assetcatalog; path = Assets.xcassets; sourceTree = "<group>"; };
		32D340C024A754E40009EC8B /* Base */ = {isa = PBXFileReference; lastKnownFileType = file.storyboard; name = Base; path = Base.lproj/LaunchScreen.storyboard; sourceTree = "<group>"; };
		32D340C224A754E40009EC8B /* Info.plist */ = {isa = PBXFileReference; lastKnownFileType = text.plist.xml; path = Info.plist; sourceTree = "<group>"; };
		32ECA3AB24AA178400265CFA /* Response.swift */ = {isa = PBXFileReference; lastKnownFileType = sourcecode.swift; path = Response.swift; sourceTree = "<group>"; };
/* End PBXFileReference section */

/* Begin PBXFrameworksBuildPhase section */
		32D340AE24A754E10009EC8B /* Frameworks */ = {
			isa = PBXFrameworksBuildPhase;
			buildActionMask = 2147483647;
			files = (
			);
			runOnlyForDeploymentPostprocessing = 0;
		};
/* End PBXFrameworksBuildPhase section */

/* Begin PBXGroup section */
		3234A3F624A892E000226B9B /* helpers */ = {
			isa = PBXGroup;
			children = (
				3234A3F724A8930400226B9B /* Constants.swift */,
			);
			path = helpers;
			sourceTree = "<group>";
		};
		3234A3FA24A89D8800226B9B /* models */ = {
			isa = PBXGroup;
			children = (
				3234A3FB24A89D9C00226B9B /* Model.swift */,
				3234A3FD24A89DB300226B9B /* VideosModel.swift */,
				32ECA3AB24AA178400265CFA /* Response.swift */,
			);
			path = models;
			sourceTree = "<group>";
		};
		32D340A824A754E10009EC8B = {
			isa = PBXGroup;
			children = (
				32D340B324A754E10009EC8B /* youtub-onedaybuild */,
				32D340B224A754E10009EC8B /* Products */,
			);
			sourceTree = "<group>";
		};
		32D340B224A754E10009EC8B /* Products */ = {
			isa = PBXGroup;
			children = (
				32D340B124A754E10009EC8B /* youtub-onedaybuild.app */,
			);
			name = Products;
			sourceTree = "<group>";
		};
		32D340B324A754E10009EC8B /* youtub-onedaybuild */ = {
			isa = PBXGroup;
			children = (
				3234A3FA24A89D8800226B9B /* models */,
				3234A3F624A892E000226B9B /* helpers */,
				32D340B424A754E10009EC8B /* AppDelegate.swift */,
				32D340B624A754E10009EC8B /* SceneDelegate.swift */,
				32D340B824A754E10009EC8B /* ViewController.swift */,
				32D340BA24A754E10009EC8B /* Main.storyboard */,
				32D340BD24A754E40009EC8B /* Assets.xcassets */,
				32D340BF24A754E40009EC8B /* LaunchScreen.storyboard */,
				32D340C224A754E40009EC8B /* Info.plist */,
			);
			path = "youtub-onedaybuild";
			sourceTree = "<group>";
		};
/* End PBXGroup section */

/* Begin PBXNativeTarget section */
		32D340B024A754E10009EC8B /* youtub-onedaybuild */ = {
			isa = PBXNativeTarget;
			buildConfigurationList = 32D340C524A754E40009EC8B /* Build configuration list for PBXNativeTarget "youtub-onedaybuild" */;
			buildPhases = (
				32D340AD24A754E10009EC8B /* Sources */,
				32D340AE24A754E10009EC8B /* Frameworks */,
				32D340AF24A754E10009EC8B /* Resources */,
			);
			buildRules = (
			);
			dependencies = (
			);
			name = "youtub-onedaybuild";
			productName = "youtub-onedaybuild";
			productReference = 32D340B124A754E10009EC8B /* youtub-onedaybuild.app */;
			productType = "com.apple.product-type.application";
		};
/* End PBXNativeTarget section */

/* Begin PBXProject section */
		32D340A924A754E10009EC8B /* Project object */ = {
			isa = PBXProject;
			attributes = {
				LastSwiftUpdateCheck = 1120;
				LastUpgradeCheck = 1120;
				ORGANIZATIONNAME = abdelazizReda;
				TargetAttributes = {
					32D340B024A754E10009EC8B = {
						CreatedOnToolsVersion = 11.2.1;
					};
				};
			};
			buildConfigurationList = 32D340AC24A754E10009EC8B /* Build configuration list for PBXProject "youtub-onedaybuild" */;
			compatibilityVersion = "Xcode 9.3";
			developmentRegion = en;
			hasScannedForEncodings = 0;
			knownRegions = (
				en,
				Base,
			);
			mainGroup = 32D340A824A754E10009EC8B;
			productRefGroup = 32D340B224A754E10009EC8B /* Products */;
			projectDirPath = "";
			projectRoot = "";
			targets = (
				32D340B024A754E10009EC8B /* youtub-onedaybuild */,
			);
		};
/* End PBXProject section */

/* Begin PBXResourcesBuildPhase section */
		32D340AF24A754E10009EC8B /* Resources */ = {
			isa = PBXResourcesBuildPhase;
			buildActionMask = 2147483647;
			files = (
				32D340C124A754E40009EC8B /* LaunchScreen.storyboard in Resources */,
				32D340BE24A754E40009EC8B /* Assets.xcassets in Resources */,
				32D340BC24A754E10009EC8B /* Main.storyboard in Resources */,
			);
			runOnlyForDeploymentPostprocessing = 0;
		};
/* End PBXResourcesBuildPhase section */

/* Begin PBXSourcesBuildPhase section */
		32D340AD24A754E10009EC8B /* Sources */ = {
			isa = PBXSourcesBuildPhase;
			buildActionMask = 2147483647;
			files = (
				3234A3FC24A89D9C00226B9B /* Model.swift in Sources */,
				32D340B924A754E10009EC8B /* ViewController.swift in Sources */,
				32D340B524A754E10009EC8B /* AppDelegate.swift in Sources */,
				3234A3FE24A89DB300226B9B /* VideosModel.swift in Sources */,
				32D340B724A754E10009EC8B /* SceneDelegate.swift in Sources */,
				3234A3F824A8930400226B9B /* Constants.swift in Sources */,
				32ECA3AC24AA178400265CFA /* Response.swift in Sources */,
			);
			runOnlyForDeploymentPostprocessing = 0;
		};
/* End PBXSourcesBuildPhase section */

/* Begin PBXVariantGroup section */
		32D340BA24A754E10009EC8B /* Main.storyboard */ = {
			isa = PBXVariantGroup;
			children = (
				32D340BB24A754E10009EC8B /* Base */,
			);
			name = Main.storyboard;
			sourceTree = "<group>";
		};
		32D340BF24A754E40009EC8B /* LaunchScreen.storyboard */ = {
			isa = PBXVariantGroup;
			children = (
				32D340C024A754E40009EC8B /* Base */,
			);
			name = LaunchScreen.storyboard;
			sourceTree = "<group>";
		};
/* End PBXVariantGroup section */

/* Begin XCBuildConfiguration section */
		32D340C324A754E40009EC8B /* Debug */ = {
			isa = XCBuildConfiguration;
			buildSettings = {
				ALWAYS_SEARCH_USER_PATHS = NO;
				CLANG_ANALYZER_NONNULL = YES;
				CLANG_ANALYZER_NUMBER_OBJECT_CONVERSION = YES_AGGRESSIVE;
				CLANG_CXX_LANGUAGE_STANDARD = "gnu++14";
				CLANG_CXX_LIBRARY = "libc++";
				CLANG_ENABLE_MODULES = YES;
				CLANG_ENABLE_OBJC_ARC = YES;
				CLANG_ENABLE_OBJC_WEAK = YES;
				CLANG_WARN_BLOCK_CAPTURE_AUTORELEASING = YES;
				CLANG_WARN_BOOL_CONVERSION = YES;
				CLANG_WARN_COMMA = YES;
				CLANG_WARN_CONSTANT_CONVERSION = YES;
				CLANG_WARN_DEPRECATED_OBJC_IMPLEMENTATIONS = YES;
				CLANG_WARN_DIRECT_OBJC_ISA_USAGE = YES_ERROR;
				CLANG_WARN_DOCUMENTATION_COMMENTS = YES;
				CLANG_WARN_EMPTY_BODY = YES;
				CLANG_WARN_ENUM_CONVERSION = YES;
				CLANG_WARN_INFINITE_RECURSION = YES;
				CLANG_WARN_INT_CONVERSION = YES;
				CLANG_WARN_NON_LITERAL_NULL_CONVERSION = YES;
				CLANG_WARN_OBJC_IMPLICIT_RETAIN_SELF = YES;
				CLANG_WARN_OBJC_LITERAL_CONVERSION = YES;
				CLANG_WARN_OBJC_ROOT_CLASS = YES_ERROR;
				CLANG_WARN_RANGE_LOOP_ANALYSIS = YES;
				CLANG_WARN_STRICT_PROTOTYPES = YES;
				CLANG_WARN_SUSPICIOUS_MOVE = YES;
				CLANG_WARN_UNGUARDED_AVAILABILITY = YES_AGGRESSIVE;
				CLANG_WARN_UNREACHABLE_CODE = YES;
				CLANG_WARN__DUPLICATE_METHOD_MATCH = YES;
				COPY_PHASE_STRIP = NO;
				DEBUG_INFORMATION_FORMAT = dwarf;
				ENABLE_STRICT_OBJC_MSGSEND = YES;
				ENABLE_TESTABILITY = YES;
				GCC_C_LANGUAGE_STANDARD = gnu11;
				GCC_DYNAMIC_NO_PIC = NO;
				GCC_NO_COMMON_BLOCKS = YES;
				GCC_OPTIMIZATION_LEVEL = 0;
				GCC_PREPROCESSOR_DEFINITIONS = (
					"DEBUG=1",
					"$(inherited)",
				);
				GCC_WARN_64_TO_32_BIT_CONVERSION = YES;
				GCC_WARN_ABOUT_RETURN_TYPE = YES_ERROR;
				GCC_WARN_UNDECLARED_SELECTOR = YES;
				GCC_WARN_UNINITIALIZED_AUTOS = YES_AGGRESSIVE;
				GCC_WARN_UNUSED_FUNCTION = YES;
				GCC_WARN_UNUSED_VARIABLE = YES;
				IPHONEOS_DEPLOYMENT_TARGET = 13.2;
				MTL_ENABLE_DEBUG_INFO = INCLUDE_SOURCE;
				MTL_FAST_MATH = YES;
				ONLY_ACTIVE_ARCH = YES;
				SDKROOT = iphoneos;
				SWIFT_ACTIVE_COMPILATION_CONDITIONS = DEBUG;
				SWIFT_OPTIMIZATION_LEVEL = "-Onone";
			};
			name = Debug;
		};
		32D340C424A754E40009EC8B /* Release */ = {
			isa = XCBuildConfiguration;
			buildSettings = {
				ALWAYS_SEARCH_USER_PATHS = NO;
				CLANG_ANALYZER_NONNULL = YES;
				CLANG_ANALYZER_NUMBER_OBJECT_CONVERSION = YES_AGGRESSIVE;
				CLANG_CXX_LANGUAGE_STANDARD = "gnu++14";
				CLANG_CXX_LIBRARY = "libc++";
				CLANG_ENABLE_MODULES = YES;
				CLANG_ENABLE_OBJC_ARC = YES;
				CLANG_ENABLE_OBJC_WEAK = YES;
				CLANG_WARN_BLOCK_CAPTURE_AUTORELEASING = YES;
				CLANG_WARN_BOOL_CONVERSION = YES;
				CLANG_WARN_COMMA = YES;
				CLANG_WARN_CONSTANT_CONVERSION = YES;
				CLANG_WARN_DEPRECATED_OBJC_IMPLEMENTATIONS = YES;
				CLANG_WARN_DIRECT_OBJC_ISA_USAGE = YES_ERROR;
				CLANG_WARN_DOCUMENTATION_COMMENTS = YES;
				CLANG_WARN_EMPTY_BODY = YES;
				CLANG_WARN_ENUM_CONVERSION = YES;
				CLANG_WARN_INFINITE_RECURSION = YES;
				CLANG_WARN_INT_CONVERSION = YES;
				CLANG_WARN_NON_LITERAL_NULL_CONVERSION = YES;
				CLANG_WARN_OBJC_IMPLICIT_RETAIN_SELF = YES;
				CLANG_WARN_OBJC_LITERAL_CONVERSION = YES;
				CLANG_WARN_OBJC_ROOT_CLASS = YES_ERROR;
				CLANG_WARN_RANGE_LOOP_ANALYSIS = YES;
				CLANG_WARN_STRICT_PROTOTYPES = YES;
				CLANG_WARN_SUSPICIOUS_MOVE = YES;
				CLANG_WARN_UNGUARDED_AVAILABILITY = YES_AGGRESSIVE;
				CLANG_WARN_UNREACHABLE_CODE = YES;
				CLANG_WARN__DUPLICATE_METHOD_MATCH = YES;
				COPY_PHASE_STRIP = NO;
				DEBUG_INFORMATION_FORMAT = "dwarf-with-dsym";
				ENABLE_NS_ASSERTIONS = NO;
				ENABLE_STRICT_OBJC_MSGSEND = YES;
				GCC_C_LANGUAGE_STANDARD = gnu11;
				GCC_NO_COMMON_BLOCKS = YES;
				GCC_WARN_64_TO_32_BIT_CONVERSION = YES;
				GCC_WARN_ABOUT_RETURN_TYPE = YES_ERROR;
				GCC_WARN_UNDECLARED_SELECTOR = YES;
				GCC_WARN_UNINITIALIZED_AUTOS = YES_AGGRESSIVE;
				GCC_WARN_UNUSED_FUNCTION = YES;
				GCC_WARN_UNUSED_VARIABLE = YES;
				IPHONEOS_DEPLOYMENT_TARGET = 13.2;
				MTL_ENABLE_DEBUG_INFO = NO;
				MTL_FAST_MATH = YES;
				SDKROOT = iphoneos;
				SWIFT_COMPILATION_MODE = wholemodule;
				SWIFT_OPTIMIZATION_LEVEL = "-O";
				VALIDATE_PRODUCT = YES;
			};
			name = Release;
		};
		32D340C624A754E40009EC8B /* Debug */ = {
			isa = XCBuildConfiguration;
			buildSettings = {
				ASSETCATALOG_COMPILER_APPICON_NAME = AppIcon;
				CODE_SIGN_STYLE = Automatic;
				INFOPLIST_FILE = "youtub-onedaybuild/Info.plist";
				LD_RUNPATH_SEARCH_PATHS = (
					"$(inherited)",
					"@executable_path/Frameworks",
				);
				PRODUCT_BUNDLE_IDENTIFIER = "swallower.youtub-onedaybuild";
				PRODUCT_NAME = "$(TARGET_NAME)";
				SWIFT_VERSION = 5.0;
				TARGETED_DEVICE_FAMILY = "1,2";
			};
			name = Debug;
		};
		32D340C724A754E40009EC8B /* Release */ = {
			isa = XCBuildConfiguration;
			buildSettings = {
				ASSETCATALOG_COMPILER_APPICON_NAME = AppIcon;
				CODE_SIGN_STYLE = Automatic;
				INFOPLIST_FILE = "youtub-onedaybuild/Info.plist";
				LD_RUNPATH_SEARCH_PATHS = (
					"$(inherited)",
					"@executable_path/Frameworks",
				);
				PRODUCT_BUNDLE_IDENTIFIER = "swallower.youtub-onedaybuild";
				PRODUCT_NAME = "$(TARGET_NAME)";
				SWIFT_VERSION = 5.0;
				TARGETED_DEVICE_FAMILY = "1,2";
			};
			name = Release;
		};
/* End XCBuildConfiguration section */

/* Begin XCConfigurationList section */
		32D340AC24A754E10009EC8B /* Build configuration list for PBXProject "youtub-onedaybuild" */ = {
			isa = XCConfigurationList;
			buildConfigurations = (
				32D340C324A754E40009EC8B /* Debug */,
				32D340C424A754E40009EC8B /* Release */,
			);
			defaultConfigurationIsVisible = 0;
			defaultConfigurationName = Release;
		};
		32D340C524A754E40009EC8B /* Build configuration list for PBXNativeTarget "youtub-onedaybuild" */ = {
			isa = XCConfigurationList;
			buildConfigurations = (
				32D340C624A754E40009EC8B /* Debug */,
				32D340C724A754E40009EC8B /* Release */,
			);
			defaultConfigurationIsVisible = 0;
			defaultConfigurationName = Release;
		};
/* End XCConfigurationList section */
	};
	rootObject = 32D340A924A754E10009EC8B /* Project object */;
}
